// !$*UTF8*$!
{
	archiveVersion = 1;
	classes = {
	};
	objectVersion = 77;
	objects = {

/* Begin PBXContainerItemProxy section */
		3F60473D2D9BAD63009E4FDE /* PBXContainerItemProxy */ = {
			isa = PBXContainerItemProxy;
			containerPortal = 3F6047242D9BAD61009E4FDE /* Project object */;
			proxyType = 1;
			remoteGlobalIDString = 3F60472B2D9BAD61009E4FDE;
			remoteInfo = NomairMustafaHW7;
		};
		3F6047472D9BAD63009E4FDE /* PBXContainerItemProxy */ = {
			isa = PBXContainerItemProxy;
			containerPortal = 3F6047242D9BAD61009E4FDE /* Project object */;
			proxyType = 1;
			remoteGlobalIDString = 3F60472B2D9BAD61009E4FDE;
			remoteInfo = NomairMustafaHW7;
		};
/* End PBXContainerItemProxy section */

/* Begin PBXFileReference section */
		3F60472C2D9BAD61009E4FDE /* NomairMustafaHW7.app */ = {isa = PBXFileReference; explicitFileType = wrapper.application; includeInIndex = 0; path = NomairMustafaHW7.app; sourceTree = BUILT_PRODUCTS_DIR; };
		3F60473C2D9BAD63009E4FDE /* NomairMustafaHW7Tests.xctest */ = {isa = PBXFileReference; explicitFileType = wrapper.cfbundle; includeInIndex = 0; path = NomairMustafaHW7Tests.xctest; sourceTree = BUILT_PRODUCTS_DIR; };
		3F6047462D9BAD63009E4FDE /* NomairMustafaHW7UITests.xctest */ = {isa = PBXFileReference; explicitFileType = wrapper.cfbundle; includeInIndex = 0; path = NomairMustafaHW7UITests.xctest; sourceTree = BUILT_PRODUCTS_DIR; };
/* End PBXFileReference section */

/* Begin PBXFileSystemSynchronizedRootGroup section */
		3F60472E2D9BAD61009E4FDE /* NomairMustafaHW7 */ = {
			isa = PBXFileSystemSynchronizedRootGroup;
			path = NomairMustafaHW7;
			sourceTree = "<group>";
		};
		3F60473F2D9BAD63009E4FDE /* NomairMustafaHW7Tests */ = {
			isa = PBXFileSystemSynchronizedRootGroup;
			path = NomairMustafaHW7Tests;
			sourceTree = "<group>";
		};
		3F6047492D9BAD63009E4FDE /* NomairMustafaHW7UITests */ = {
			isa = PBXFileSystemSynchronizedRootGroup;
			path = NomairMustafaHW7UITests;
			sourceTree = "<group>";
		};
/* End PBXFileSystemSynchronizedRootGroup section */

/* Begin PBXFrameworksBuildPhase section */
		3F6047292D9BAD61009E4FDE /* Frameworks */ = {
			isa = PBXFrameworksBuildPhase;
			buildActionMask = 2147483647;
			files = (
			);
			runOnlyForDeploymentPostprocessing = 0;
		};
		3F6047392D9BAD63009E4FDE /* Frameworks */ = {
			isa = PBXFrameworksBuildPhase;
			buildActionMask = 2147483647;
			files = (
			);
			runOnlyForDeploymentPostprocessing = 0;
		};
		3F6047432D9BAD63009E4FDE /* Frameworks */ = {
			isa = PBXFrameworksBuildPhase;
			buildActionMask = 2147483647;
			files = (
			);
			runOnlyForDeploymentPostprocessing = 0;
		};
/* End PBXFrameworksBuildPhase section */

/* Begin PBXGroup section */
		3F6047232D9BAD61009E4FDE = {
			isa = PBXGroup;
			children = (
				3F60472E2D9BAD61009E4FDE /* NomairMustafaHW7 */,
				3F60473F2D9BAD63009E4FDE /* NomairMustafaHW7Tests */,
				3F6047492D9BAD63009E4FDE /* NomairMustafaHW7UITests */,
				3F60472D2D9BAD61009E4FDE /* Products */,
			);
			sourceTree = "<group>";
		};
		3F60472D2D9BAD61009E4FDE /* Products */ = {
			isa = PBXGroup;
			children = (
				3F60472C2D9BAD61009E4FDE /* NomairMustafaHW7.app */,
				3F60473C2D9BAD63009E4FDE /* NomairMustafaHW7Tests.xctest */,
				3F6047462D9BAD63009E4FDE /* NomairMustafaHW7UITests.xctest */,
			);
			name = Products;
			sourceTree = "<group>";
		};
/* End PBXGroup section */

/* Begin PBXNativeTarget section */
		3F60472B2D9BAD61009E4FDE /* NomairMustafaHW7 */ = {
			isa = PBXNativeTarget;
			buildConfigurationList = 3F6047502D9BAD63009E4FDE /* Build configuration list for PBXNativeTarget "NomairMustafaHW7" */;
			buildPhases = (
				3F6047282D9BAD61009E4FDE /* Sources */,
				3F6047292D9BAD61009E4FDE /* Frameworks */,
				3F60472A2D9BAD61009E4FDE /* Resources */,
			);
			buildRules = (
			);
			dependencies = (
			);
			fileSystemSynchronizedGroups = (
				3F60472E2D9BAD61009E4FDE /* NomairMustafaHW7 */,
			);
			name = NomairMustafaHW7;
			packageProductDependencies = (
			);
			productName = NomairMustafaHW7;
			productReference = 3F60472C2D9BAD61009E4FDE /* NomairMustafaHW7.app */;
			productType = "com.apple.product-type.application";
		};
		3F60473B2D9BAD63009E4FDE /* NomairMustafaHW7Tests */ = {
			isa = PBXNativeTarget;
			buildConfigurationList = 3F6047532D9BAD63009E4FDE /* Build configuration list for PBXNativeTarget "NomairMustafaHW7Tests" */;
			buildPhases = (
				3F6047382D9BAD63009E4FDE /* Sources */,
				3F6047392D9BAD63009E4FDE /* Frameworks */,
				3F60473A2D9BAD63009E4FDE /* Resources */,
			);
			buildRules = (
			);
			dependencies = (
				3F60473E2D9BAD63009E4FDE /* PBXTargetDependency */,
			);
			fileSystemSynchronizedGroups = (
				3F60473F2D9BAD63009E4FDE /* NomairMustafaHW7Tests */,
			);
			name = NomairMustafaHW7Tests;
			packageProductDependencies = (
			);
			productName = NomairMustafaHW7Tests;
			productReference = 3F60473C2D9BAD63009E4FDE /* NomairMustafaHW7Tests.xctest */;
			productType = "com.apple.product-type.bundle.unit-test";
		};
		3F6047452D9BAD63009E4FDE /* NomairMustafaHW7UITests */ = {
			isa = PBXNativeTarget;
			buildConfigurationList = 3F6047562D9BAD63009E4FDE /* Build configuration list for PBXNativeTarget "NomairMustafaHW7UITests" */;
			buildPhases = (
				3F6047422D9BAD63009E4FDE /* Sources */,
				3F6047432D9BAD63009E4FDE /* Frameworks */,
				3F6047442D9BAD63009E4FDE /* Resources */,
			);
			buildRules = (
			);
			dependencies = (
				3F6047482D9BAD63009E4FDE /* PBXTargetDependency */,
			);
			fileSystemSynchronizedGroups = (
				3F6047492D9BAD63009E4FDE /* NomairMustafaHW7UITests */,
			);
			name = NomairMustafaHW7UITests;
			packageProductDependencies = (
			);
			productName = NomairMustafaHW7UITests;
			productReference = 3F6047462D9BAD63009E4FDE /* NomairMustafaHW7UITests.xctest */;
			productType = "com.apple.product-type.bundle.ui-testing";
		};
/* End PBXNativeTarget section */

/* Begin PBXProject section */
		3F6047242D9BAD61009E4FDE /* Project object */ = {
			isa = PBXProject;
			attributes = {
				BuildIndependentTargetsInParallel = 1;
				LastSwiftUpdateCheck = 1620;
				LastUpgradeCheck = 1620;
				TargetAttributes = {
					3F60472B2D9BAD61009E4FDE = {
						CreatedOnToolsVersion = 16.2;
					};
					3F60473B2D9BAD63009E4FDE = {
						CreatedOnToolsVersion = 16.2;
						TestTargetID = 3F60472B2D9BAD61009E4FDE;
					};
					3F6047452D9BAD63009E4FDE = {
						CreatedOnToolsVersion = 16.2;
						TestTargetID = 3F60472B2D9BAD61009E4FDE;
					};
				};
			};
			buildConfigurationList = 3F6047272D9BAD61009E4FDE /* Build configuration list for PBXProject "NomairMustafaHW7" */;
			developmentRegion = en;
			hasScannedForEncodings = 0;
			knownRegions = (
				en,
				Base,
			);
			mainGroup = 3F6047232D9BAD61009E4FDE;
			minimizedProjectReferenceProxies = 1;
			preferredProjectObjectVersion = 77;
			productRefGroup = 3F60472D2D9BAD61009E4FDE /* Products */;
			projectDirPath = "";
			projectRoot = "";
			targets = (
				3F60472B2D9BAD61009E4FDE /* NomairMustafaHW7 */,
				3F60473B2D9BAD63009E4FDE /* NomairMustafaHW7Tests */,
				3F6047452D9BAD63009E4FDE /* NomairMustafaHW7UITests */,
			);
		};
/* End PBXProject section */

/* Begin PBXResourcesBuildPhase section */
		3F60472A2D9BAD61009E4FDE /* Resources */ = {
			isa = PBXResourcesBuildPhase;
			buildActionMask = 2147483647;
			files = (
			);
			runOnlyForDeploymentPostprocessing = 0;
		};
		3F60473A2D9BAD63009E4FDE /* Resources */ = {
			isa = PBXResourcesBuildPhase;
			buildActionMask = 2147483647;
			files = (
			);
			runOnlyForDeploymentPostprocessing = 0;
		};
		3F6047442D9BAD63009E4FDE /* Resources */ = {
			isa = PBXResourcesBuildPhase;
			buildActionMask = 2147483647;
			files = (
			);
			runOnlyForDeploymentPostprocessing = 0;
		};
/* End PBXResourcesBuildPhase section */

/* Begin PBXSourcesBuildPhase section */
		3F6047282D9BAD61009E4FDE /* Sources */ = {
			isa = PBXSourcesBuildPhase;
			buildActionMask = 2147483647;
			files = (
			);
			runOnlyForDeploymentPostprocessing = 0;
		};
		3F6047382D9BAD63009E4FDE /* Sources */ = {
			isa = PBXSourcesBuildPhase;
			buildActionMask = 2147483647;
			files = (
			);
			runOnlyForDeploymentPostprocessing = 0;
		};
		3F6047422D9BAD63009E4FDE /* Sources */ = {
			isa = PBXSourcesBuildPhase;
			buildActionMask = 2147483647;
			files = (
			);
			runOnlyForDeploymentPostprocessing = 0;
		};
/* End PBXSourcesBuildPhase section */

/* Begin PBXTargetDependency section */
		3F60473E2D9BAD63009E4FDE /* PBXTargetDependency */ = {
			isa = PBXTargetDependency;
			target = 3F60472B2D9BAD61009E4FDE /* NomairMustafaHW7 */;
			targetProxy = 3F60473D2D9BAD63009E4FDE /* PBXContainerItemProxy */;
		};
		3F6047482D9BAD63009E4FDE /* PBXTargetDependency */ = {
			isa = PBXTargetDependency;
			target = 3F60472B2D9BAD61009E4FDE /* NomairMustafaHW7 */;
			targetProxy = 3F6047472D9BAD63009E4FDE /* PBXContainerItemProxy */;
		};
/* End PBXTargetDependency section */

/* Begin XCBuildConfiguration section */
		3F60474E2D9BAD63009E4FDE /* Debug */ = {
			isa = XCBuildConfiguration;
			buildSettings = {
				ALWAYS_SEARCH_USER_PATHS = NO;
				ASSETCATALOG_COMPILER_GENERATE_SWIFT_ASSET_SYMBOL_EXTENSIONS = YES;
				CLANG_ANALYZER_NONNULL = YES;
				CLANG_ANALYZER_NUMBER_OBJECT_CONVERSION = YES_AGGRESSIVE;
				CLANG_CXX_LANGUAGE_STANDARD = "gnu++20";
				CLANG_ENABLE_MODULES = YES;
				CLANG_ENABLE_OBJC_ARC = YES;
				CLANG_ENABLE_OBJC_WEAK = YES;
				CLANG_WARN_BLOCK_CAPTURE_AUTORELEASING = YES;
				CLANG_WARN_BOOL_CONVERSION = YES;
				CLANG_WARN_COMMA = YES;
				CLANG_WARN_CONSTANT_CONVERSION = YES;
				CLANG_WARN_DEPRECATED_OBJC_IMPLEMENTATIONS = YES;
				CLANG_WARN_DIRECT_OBJC_ISA_USAGE = YES_ERROR;
				CLANG_WARN_DOCUMENTATION_COMMENTS = YES;
				CLANG_WARN_EMPTY_BODY = YES;
				CLANG_WARN_ENUM_CONVERSION = YES;
				CLANG_WARN_INFINITE_RECURSION = YES;
				CLANG_WARN_INT_CONVERSION = YES;
				CLANG_WARN_NON_LITERAL_NULL_CONVERSION = YES;
				CLANG_WARN_OBJC_IMPLICIT_RETAIN_SELF = YES;
				CLANG_WARN_OBJC_LITERAL_CONVERSION = YES;
				CLANG_WARN_OBJC_ROOT_CLASS = YES_ERROR;
				CLANG_WARN_QUOTED_INCLUDE_IN_FRAMEWORK_HEADER = YES;
				CLANG_WARN_RANGE_LOOP_ANALYSIS = YES;
				CLANG_WARN_STRICT_PROTOTYPES = YES;
				CLANG_WARN_SUSPICIOUS_MOVE = YES;
				CLANG_WARN_UNGUARDED_AVAILABILITY = YES_AGGRESSIVE;
				CLANG_WARN_UNREACHABLE_CODE = YES;
				CLANG_WARN__DUPLICATE_METHOD_MATCH = YES;
				COPY_PHASE_STRIP = NO;
				DEBUG_INFORMATION_FORMAT = dwarf;
				ENABLE_STRICT_OBJC_MSGSEND = YES;
				ENABLE_TESTABILITY = YES;
				ENABLE_USER_SCRIPT_SANDBOXING = YES;
				GCC_C_LANGUAGE_STANDARD = gnu17;
				GCC_DYNAMIC_NO_PIC = NO;
				GCC_NO_COMMON_BLOCKS = YES;
				GCC_OPTIMIZATION_LEVEL = 0;
				GCC_PREPROCESSOR_DEFINITIONS = (
					"DEBUG=1",
					"$(inherited)",
				);
				GCC_WARN_64_TO_32_BIT_CONVERSION = YES;
				GCC_WARN_ABOUT_RETURN_TYPE = YES_ERROR;
				GCC_WARN_UNDECLARED_SELECTOR = YES;
				GCC_WARN_UNINITIALIZED_AUTOS = YES_AGGRESSIVE;
				GCC_WARN_UNUSED_FUNCTION = YES;
				GCC_WARN_UNUSED_VARIABLE = YES;
				IPHONEOS_DEPLOYMENT_TARGET = 18.2;
				LOCALIZATION_PREFERS_STRING_CATALOGS = YES;
				MTL_ENABLE_DEBUG_INFO = INCLUDE_SOURCE;
				MTL_FAST_MATH = YES;
				ONLY_ACTIVE_ARCH = YES;
				SDKROOT = iphoneos;
				SWIFT_ACTIVE_COMPILATION_CONDITIONS = "DEBUG $(inherited)";
				SWIFT_OPTIMIZATION_LEVEL = "-Onone";
			};
			name = Debug;
		};
		3F60474F2D9BAD63009E4FDE /* Release */ = {
			isa = XCBuildConfiguration;
			buildSettings = {
				ALWAYS_SEARCH_USER_PATHS = NO;
				ASSETCATALOG_COMPILER_GENERATE_SWIFT_ASSET_SYMBOL_EXTENSIONS = YES;
				CLANG_ANALYZER_NONNULL = YES;
				CLANG_ANALYZER_NUMBER_OBJECT_CONVERSION = YES_AGGRESSIVE;
				CLANG_CXX_LANGUAGE_STANDARD = "gnu++20";
				CLANG_ENABLE_MODULES = YES;
				CLANG_ENABLE_OBJC_ARC = YES;
				CLANG_ENABLE_OBJC_WEAK = YES;
				CLANG_WARN_BLOCK_CAPTURE_AUTORELEASING = YES;
				CLANG_WARN_BOOL_CONVERSION = YES;
				CLANG_WARN_COMMA = YES;
				CLANG_WARN_CONSTANT_CONVERSION = YES;
				CLANG_WARN_DEPRECATED_OBJC_IMPLEMENTATIONS = YES;
				CLANG_WARN_DIRECT_OBJC_ISA_USAGE = YES_ERROR;
				CLANG_WARN_DOCUMENTATION_COMMENTS = YES;
				CLANG_WARN_EMPTY_BODY = YES;
				CLANG_WARN_ENUM_CONVERSION = YES;
				CLANG_WARN_INFINITE_RECURSION = YES;
				CLANG_WARN_INT_CONVERSION = YES;
				CLANG_WARN_NON_LITERAL_NULL_CONVERSION = YES;
				CLANG_WARN_OBJC_IMPLICIT_RETAIN_SELF = YES;
				CLANG_WARN_OBJC_LITERAL_CONVERSION = YES;
				CLANG_WARN_OBJC_ROOT_CLASS = YES_ERROR;
				CLANG_WARN_QUOTED_INCLUDE_IN_FRAMEWORK_HEADER = YES;
				CLANG_WARN_RANGE_LOOP_ANALYSIS = YES;
				CLANG_WARN_STRICT_PROTOTYPES = YES;
				CLANG_WARN_SUSPICIOUS_MOVE = YES;
				CLANG_WARN_UNGUARDED_AVAILABILITY = YES_AGGRESSIVE;
				CLANG_WARN_UNREACHABLE_CODE = YES;
				CLANG_WARN__DUPLICATE_METHOD_MATCH = YES;
				COPY_PHASE_STRIP = NO;
				DEBUG_INFORMATION_FORMAT = "dwarf-with-dsym";
				ENABLE_NS_ASSERTIONS = NO;
				ENABLE_STRICT_OBJC_MSGSEND = YES;
				ENABLE_USER_SCRIPT_SANDBOXING = YES;
				GCC_C_LANGUAGE_STANDARD = gnu17;
				GCC_NO_COMMON_BLOCKS = YES;
				GCC_WARN_64_TO_32_BIT_CONVERSION = YES;
				GCC_WARN_ABOUT_RETURN_TYPE = YES_ERROR;
				GCC_WARN_UNDECLARED_SELECTOR = YES;
				GCC_WARN_UNINITIALIZED_AUTOS = YES_AGGRESSIVE;
				GCC_WARN_UNUSED_FUNCTION = YES;
				GCC_WARN_UNUSED_VARIABLE = YES;
				IPHONEOS_DEPLOYMENT_TARGET = 18.2;
				LOCALIZATION_PREFERS_STRING_CATALOGS = YES;
				MTL_ENABLE_DEBUG_INFO = NO;
				MTL_FAST_MATH = YES;
				SDKROOT = iphoneos;
				SWIFT_COMPILATION_MODE = wholemodule;
				VALIDATE_PRODUCT = YES;
			};
			name = Release;
		};
		3F6047512D9BAD63009E4FDE /* Debug */ = {
			isa = XCBuildConfiguration;
			buildSettings = {
				ASSETCATALOG_COMPILER_APPICON_NAME = AppIcon;
				ASSETCATALOG_COMPILER_GLOBAL_ACCENT_COLOR_NAME = AccentColor;
				CODE_SIGN_STYLE = Automatic;
				CURRENT_PROJECT_VERSION = 1;
				DEVELOPMENT_ASSET_PATHS = "\"NomairMustafaHW7/Preview Content\"";
				ENABLE_PREVIEWS = YES;
				GENERATE_INFOPLIST_FILE = YES;
				INFOPLIST_KEY_CFBundleDisplayName = "Unsplash Feed";
				INFOPLIST_KEY_UIApplicationSceneManifest_Generation = YES;
				INFOPLIST_KEY_UIApplicationSupportsIndirectInputEvents = YES;
				INFOPLIST_KEY_UILaunchScreen_Generation = YES;
				INFOPLIST_KEY_UISupportedInterfaceOrientations = UIInterfaceOrientationPortrait;
				LD_RUNPATH_SEARCH_PATHS = (
					"$(inherited)",
					"@executable_path/Frameworks",
				);
				MARKETING_VERSION = 1.0;
				PRODUCT_BUNDLE_IDENTIFIER = edu.usc.NomairMustafaHW7;
				PRODUCT_NAME = "$(TARGET_NAME)";
				SWIFT_EMIT_LOC_STRINGS = YES;
				SWIFT_VERSION = 5.0;
				TARGETED_DEVICE_FAMILY = "1,2";
			};
			name = Debug;
		};
		3F6047522D9BAD63009E4FDE /* Release */ = {
			isa = XCBuildConfiguration;
			buildSettings = {
				ASSETCATALOG_COMPILER_APPICON_NAME = AppIcon;
				ASSETCATALOG_COMPILER_GLOBAL_ACCENT_COLOR_NAME = AccentColor;
				CODE_SIGN_STYLE = Automatic;
				CURRENT_PROJECT_VERSION = 1;
				DEVELOPMENT_ASSET_PATHS = "\"NomairMustafaHW7/Preview Content\"";
				ENABLE_PREVIEWS = YES;
				GENERATE_INFOPLIST_FILE = YES;
				INFOPLIST_KEY_CFBundleDisplayName = "Unsplash Feed";
				INFOPLIST_KEY_UIApplicationSceneManifest_Generation = YES;
				INFOPLIST_KEY_UIApplicationSupportsIndirectInputEvents = YES;
				INFOPLIST_KEY_UILaunchScreen_Generation = YES;
				INFOPLIST_KEY_UISupportedInterfaceOrientations = UIInterfaceOrientationPortrait;
				LD_RUNPATH_SEARCH_PATHS = (
					"$(inherited)",
					"@executable_path/Frameworks",
				);
				MARKETING_VERSION = 1.0;
				PRODUCT_BUNDLE_IDENTIFIER = edu.usc.NomairMustafaHW7;
				PRODUCT_NAME = "$(TARGET_NAME)";
				SWIFT_EMIT_LOC_STRINGS = YES;
				SWIFT_VERSION = 5.0;
				TARGETED_DEVICE_FAMILY = "1,2";
			};
			name = Release;
		};
		3F6047542D9BAD63009E4FDE /* Debug */ = {
			isa = XCBuildConfiguration;
			buildSettings = {
				BUNDLE_LOADER = "$(TEST_HOST)";
				CODE_SIGN_STYLE = Automatic;
				CURRENT_PROJECT_VERSION = 1;
				GENERATE_INFOPLIST_FILE = YES;
				IPHONEOS_DEPLOYMENT_TARGET = 18.2;
				MARKETING_VERSION = 1.0;
				PRODUCT_BUNDLE_IDENTIFIER = edu.usc.NomairMustafaHW7Tests;
				PRODUCT_NAME = "$(TARGET_NAME)";
				SWIFT_EMIT_LOC_STRINGS = NO;
				SWIFT_VERSION = 5.0;
				TARGETED_DEVICE_FAMILY = "1,2";
				TEST_HOST = "$(BUILT_PRODUCTS_DIR)/NomairMustafaHW7.app/$(BUNDLE_EXECUTABLE_FOLDER_PATH)/NomairMustafaHW7";
			};
			name = Debug;
		};
		3F6047552D9BAD63009E4FDE /* Release */ = {
			isa = XCBuildConfiguration;
			buildSettings = {
				BUNDLE_LOADER = "$(TEST_HOST)";
				CODE_SIGN_STYLE = Automatic;
				CURRENT_PROJECT_VERSION = 1;
				GENERATE_INFOPLIST_FILE = YES;
				IPHONEOS_DEPLOYMENT_TARGET = 18.2;
				MARKETING_VERSION = 1.0;
				PRODUCT_BUNDLE_IDENTIFIER = edu.usc.NomairMustafaHW7Tests;
				PRODUCT_NAME = "$(TARGET_NAME)";
				SWIFT_EMIT_LOC_STRINGS = NO;
				SWIFT_VERSION = 5.0;
				TARGETED_DEVICE_FAMILY = "1,2";
				TEST_HOST = "$(BUILT_PRODUCTS_DIR)/NomairMustafaHW7.app/$(BUNDLE_EXECUTABLE_FOLDER_PATH)/NomairMustafaHW7";
			};
			name = Release;
		};
		3F6047572D9BAD63009E4FDE /* Debug */ = {
			isa = XCBuildConfiguration;
			buildSettings = {
				CODE_SIGN_STYLE = Automatic;
				CURRENT_PROJECT_VERSION = 1;
				GENERATE_INFOPLIST_FILE = YES;
				MARKETING_VERSION = 1.0;
				PRODUCT_BUNDLE_IDENTIFIER = edu.usc.NomairMustafaHW7UITests;
				PRODUCT_NAME = "$(TARGET_NAME)";
				SWIFT_EMIT_LOC_STRINGS = NO;
				SWIFT_VERSION = 5.0;
				TARGETED_DEVICE_FAMILY = "1,2";
				TEST_TARGET_NAME = NomairMustafaHW7;
			};
			name = Debug;
		};
		3F6047582D9BAD63009E4FDE /* Release */ = {
			isa = XCBuildConfiguration;
			buildSettings = {
				CODE_SIGN_STYLE = Automatic;
				CURRENT_PROJECT_VERSION = 1;
				GENERATE_INFOPLIST_FILE = YES;
				MARKETING_VERSION = 1.0;
				PRODUCT_BUNDLE_IDENTIFIER = edu.usc.NomairMustafaHW7UITests;
				PRODUCT_NAME = "$(TARGET_NAME)";
				SWIFT_EMIT_LOC_STRINGS = NO;
				SWIFT_VERSION = 5.0;
				TARGETED_DEVICE_FAMILY = "1,2";
				TEST_TARGET_NAME = NomairMustafaHW7;
			};
			name = Release;
		};
/* End XCBuildConfiguration section */

/* Begin XCConfigurationList section */
		3F6047272D9BAD61009E4FDE /* Build configuration list for PBXProject "NomairMustafaHW7" */ = {
			isa = XCConfigurationList;
			buildConfigurations = (
				3F60474E2D9BAD63009E4FDE /* Debug */,
				3F60474F2D9BAD63009E4FDE /* Release */,
			);
			defaultConfigurationIsVisible = 0;
			defaultConfigurationName = Release;
		};
		3F6047502D9BAD63009E4FDE /* Build configuration list for PBXNativeTarget "NomairMustafaHW7" */ = {
			isa = XCConfigurationList;
			buildConfigurations = (
				3F6047512D9BAD63009E4FDE /* Debug */,
				3F6047522D9BAD63009E4FDE /* Release */,
			);
			defaultConfigurationIsVisible = 0;
			defaultConfigurationName = Release;
		};
		3F6047532D9BAD63009E4FDE /* Build configuration list for PBXNativeTarget "NomairMustafaHW7Tests" */ = {
			isa = XCConfigurationList;
			buildConfigurations = (
				3F6047542D9BAD63009E4FDE /* Debug */,
				3F6047552D9BAD63009E4FDE /* Release */,
			);
			defaultConfigurationIsVisible = 0;
			defaultConfigurationName = Release;
		};
		3F6047562D9BAD63009E4FDE /* Build configuration list for PBXNativeTarget "NomairMustafaHW7UITests" */ = {
			isa = XCConfigurationList;
			buildConfigurations = (
				3F6047572D9BAD63009E4FDE /* Debug */,
				3F6047582D9BAD63009E4FDE /* Release */,
			);
			defaultConfigurationIsVisible = 0;
			defaultConfigurationName = Release;
		};
/* End XCConfigurationList section */
	};
	rootObject = 3F6047242D9BAD61009E4FDE /* Project object */;
}
